
Microsoft Visual Studio Solution File, Format Version 12.00
# Visual Studio 15
VisualStudioVersion = 15.0.28307.852
MinimumVisualStudioVersion = 10.0.40219.1
Project("{FAE04EC0-301F-11D3-BF4B-00C04F79EFBC}") = "two_values(2)", "two_values(2)\two_values(2).csproj", "{BCB4B60F-3648-415B-A1EC-85C8102CF877}"
EndProject
Global
	GlobalSection(SolutionConfigurationPlatforms) = preSolution
		Debug|Any CPU = Debug|Any CPU
		Release|Any CPU = Release|Any CPU
	EndGlobalSection
	GlobalSection(ProjectConfigurationPlatforms) = postSolution
		{BCB4B60F-3648-415B-A1EC-85C8102CF877}.Debug|Any CPU.ActiveCfg = Debug|Any CPU
		{BCB4B60F-3648-415B-A1EC-85C8102CF877}.Debug|Any CPU.Build.0 = Debug|Any CPU
		{BCB4B60F-3648-415B-A1EC-85C8102CF877}.Release|Any CPU.ActiveCfg = Release|Any CPU
		{BCB4B60F-3648-415B-A1EC-85C8102CF877}.Release|Any CPU.Build.0 = Release|Any CPU
	EndGlobalSection
	GlobalSection(SolutionProperties) = preSolution
		HideSolutionNode = FALSE
	EndGlobalSection
	GlobalSection(ExtensibilityGlobals) = postSolution
		SolutionGuid = {B5F357DD-958D-4F78-8661-3E5A8F4100B6}
	EndGlobalSection
EndGlobal
