
Microsoft Visual Studio Solution File, Format Version 12.00
# Visual Studio 15
VisualStudioVersion = 15.0.28307.852
MinimumVisualStudioVersion = 10.0.40219.1
Project("{FAE04EC0-301F-11D3-BF4B-00C04F79EFBC}") = "cuenta_bancaria_consola(1)", "cuenta_bancaria_consola(1)\cuenta_bancaria_consola(1).csproj", "{77A0F4FB-7C7D-48EC-BE78-B110EE68314A}"
EndProject
Global
	GlobalSection(SolutionConfigurationPlatforms) = preSolution
		Debug|Any CPU = Debug|Any CPU
		Release|Any CPU = Release|Any CPU
	EndGlobalSection
	GlobalSection(ProjectConfigurationPlatforms) = postSolution
		{77A0F4FB-7C7D-48EC-BE78-B110EE68314A}.Debug|Any CPU.ActiveCfg = Debug|Any CPU
		{77A0F4FB-7C7D-48EC-BE78-B110EE68314A}.Debug|Any CPU.Build.0 = Debug|Any CPU
		{77A0F4FB-7C7D-48EC-BE78-B110EE68314A}.Release|Any CPU.ActiveCfg = Release|Any CPU
		{77A0F4FB-7C7D-48EC-BE78-B110EE68314A}.Release|Any CPU.Build.0 = Release|Any CPU
	EndGlobalSection
	GlobalSection(SolutionProperties) = preSolution
		HideSolutionNode = FALSE
	EndGlobalSection
	GlobalSection(ExtensibilityGlobals) = postSolution
		SolutionGuid = {BEB33CDC-D5B6-46EC-B4F4-6F30991AA1F5}
	EndGlobalSection
EndGlobal
