
Microsoft Visual Studio Solution File, Format Version 12.00
# Visual Studio 15
VisualStudioVersion = 15.0.28307.852
MinimumVisualStudioVersion = 10.0.40219.1
Project("{FAE04EC0-301F-11D3-BF4B-00C04F79EFBC}") = "costes(4)", "costes(4)\costes(4).csproj", "{F642A390-09FE-41A2-B0DA-272BB9B9ACA3}"
EndProject
Global
	GlobalSection(SolutionConfigurationPlatforms) = preSolution
		Debug|Any CPU = Debug|Any CPU
		Release|Any CPU = Release|Any CPU
	EndGlobalSection
	GlobalSection(ProjectConfigurationPlatforms) = postSolution
		{F642A390-09FE-41A2-B0DA-272BB9B9ACA3}.Debug|Any CPU.ActiveCfg = Debug|Any CPU
		{F642A390-09FE-41A2-B0DA-272BB9B9ACA3}.Debug|Any CPU.Build.0 = Debug|Any CPU
		{F642A390-09FE-41A2-B0DA-272BB9B9ACA3}.Release|Any CPU.ActiveCfg = Release|Any CPU
		{F642A390-09FE-41A2-B0DA-272BB9B9ACA3}.Release|Any CPU.Build.0 = Release|Any CPU
	EndGlobalSection
	GlobalSection(SolutionProperties) = preSolution
		HideSolutionNode = FALSE
	EndGlobalSection
	GlobalSection(ExtensibilityGlobals) = postSolution
		SolutionGuid = {63D1BB35-ABF5-49E8-997D-732CE19DEE6A}
	EndGlobalSection
EndGlobal
