
Microsoft Visual Studio Solution File, Format Version 12.00
# Visual Studio 15
VisualStudioVersion = 15.0.28307.852
MinimumVisualStudioVersion = 10.0.40219.1
Project("{FAE04EC0-301F-11D3-BF4B-00C04F79EFBC}") = "sumatoria(5)", "sumatoria(5)\sumatoria(5).csproj", "{01B77A0B-E105-4EB8-8567-4EA4EC9B30DB}"
EndProject
Global
	GlobalSection(SolutionConfigurationPlatforms) = preSolution
		Debug|Any CPU = Debug|Any CPU
		Release|Any CPU = Release|Any CPU
	EndGlobalSection
	GlobalSection(ProjectConfigurationPlatforms) = postSolution
		{01B77A0B-E105-4EB8-8567-4EA4EC9B30DB}.Debug|Any CPU.ActiveCfg = Debug|Any CPU
		{01B77A0B-E105-4EB8-8567-4EA4EC9B30DB}.Debug|Any CPU.Build.0 = Debug|Any CPU
		{01B77A0B-E105-4EB8-8567-4EA4EC9B30DB}.Release|Any CPU.ActiveCfg = Release|Any CPU
		{01B77A0B-E105-4EB8-8567-4EA4EC9B30DB}.Release|Any CPU.Build.0 = Release|Any CPU
	EndGlobalSection
	GlobalSection(SolutionProperties) = preSolution
		HideSolutionNode = FALSE
	EndGlobalSection
	GlobalSection(ExtensibilityGlobals) = postSolution
		SolutionGuid = {2865B4AA-BF77-4D8B-8164-6888AFFAC803}
	EndGlobalSection
EndGlobal
